<?xml version="1.0" encoding="utf-8"?>
<Project ToolsVersion="4.0" xmlns="http://schemas.microsoft.com/developer/msbuild/2003">
  <ItemGroup>
    <ClCompile Include="main.cpp" />
    <ClCompile Include="..\imgui\imgui.cpp">
      <Filter>imgui</Filter>
    </ClCompile>
    <ClCompile Include="..\imgui\imgui_demo.cpp">
      <Filter>imgui</Filter>
    </ClCompile>
    <ClCompile Include="..\imgui\imgui_draw.cpp">
      <Filter>imgui</Filter>
    </ClCompile>
    <ClCompile Include="..\imgui\backends\imgui_impl_dx12.cpp">
      <Filter>imgui</Filter>
    </ClCompile>
    <ClCompile Include="..\imgui\backends\imgui_impl_win32.cpp">
      <Filter>imgui</Filter>
    </ClCompile>
    <ClCompile Include="..\imgui\imgui_tables.cpp">
      <Filter>imgui</Filter>
    </ClCompile>
    <ClCompile Include="..\imgui\imgui_widgets.cpp">
      <Filter>imgui</Filter>
    </ClCompile>
    <ClCompile Include="AudioEngine.cpp" />
    <ClCompile Include="ClapHost.cpp" />
    <ClCompile Include="Composer.cpp" />
    <ClCompile Include="PluginEventList.cpp" />
    <ClCompile Include="..\imgui\misc\cpp\imgui_stdlib.cpp">
      <Filter>imgui</Filter>
    </ClCompile>
    <ClCompile Include="Midi.cpp" />
    <ClCompile Include="GuiUtil.cpp" />
    <ClCompile Include="Command.cpp" />
    <ClCompile Include="PluginManager.cpp" />
    <ClCompile Include="util.cpp" />
    <ClCompile Include="Track.cpp" />
    <ClCompile Include="ProcessBuffer.cpp" />
    <ClCompile Include="Module.cpp" />
    <ClCompile Include="ClapModule.cpp" />
    <ClCompile Include="Project.cpp" />
    <ClCompile Include="AudioBuffer.cpp" />
    <ClCompile Include="ErrorWindow.cpp" />
    <ClCompile Include="BuiltinModule.cpp" />
    <ClCompile Include="GainModule.cpp" />
    <ClCompile Include="ComposerWindow.cpp" />
    <ClCompile Include="Vst3Module.cpp" />
    <ClCompile Include="..\VST_SDK\vst3sdk\public.sdk\source\vst\hosting\module_win32.cpp">
      <Filter>VST3</Filter>
    </ClCompile>
    <ClCompile Include="..\VST_SDK\vst3sdk\public.sdk\source\vst\hosting\plugprovider.cpp">
      <Filter>VST3</Filter>
    </ClCompile>
    <ClCompile Include="PluginEditorWindow.cpp" />
    <ClCompile Include="SceneMatrix.cpp" />
    <ClCompile Include="Scene.cpp" />
    <ClCompile Include="Clip.cpp" />
    <ClCompile Include="Sequence.cpp" />
    <ClCompile Include="Nameable.cpp" />
    <ClCompile Include="ClipSlot.cpp" />
    <ClCompile Include="Note.cpp" />
    <ClCompile Include="PianoRollH.cpp" />
    <ClCompile Include="Grid.cpp" />
    <ClCompile Include="SaveWindow.cpp" />
    <ClCompile Include="..\ImGuiFileDialog\ImGuiFileDialog.cpp">
      <Filter>lib</Filter>
    </ClCompile>
    <ClCompile Include="TimelineWindow.cpp" />
    <ClCompile Include="GridMixin.cpp" />
    <ClCompile Include="ZoomMixin.cpp" />
    <ClCompile Include="Lane.cpp" />
    <ClCompile Include="TimelineCanvasMixin.cpp" />
    <ClCompile Include="PianoRollWindow.cpp" />
    <ClCompile Include="Thing.cpp" />
    <ClCompile Include="..\VST_SDK\vst3sdk\public.sdk\source\common\memorystream.cpp">
      <Filter>VST3</Filter>
    </ClCompile>
    <ClCompile Include="Error.cpp" />
    <ClCompile Include="Command\OpenProject.cpp">
      <Filter>command</Filter>
    </ClCompile>
    <ClCompile Include="BaseWindow.cpp" />
    <ClCompile Include="command\AddNotes.cpp">
      <Filter>command</Filter>
    </ClCompile>
    <ClCompile Include="command\AddClips.cpp">
      <Filter>command</Filter>
    </ClCompile>
    <ClCompile Include="command\DeleteNotes.cpp">
      <Filter>command</Filter>
    </ClCompile>
    <ClCompile Include="command\DeleteClips.cpp">
      <Filter>command</Filter>
    </ClCompile>
    <ClCompile Include="SidechainInputSelector.cpp" />
    <ClCompile Include="Fader.cpp" />
    <ClCompile Include="Neko.cpp" />
    <ClCompile Include="Connection.cpp" />
    <ClCompile Include="AudioEngineWindow.cpp" />
    <ClCompile Include="Config.cpp" />
    <ClCompile Include="Vst3Context.cpp" />
    <ClCompile Include="command\AddModule.cpp" />
    <ClCompile Include="command\DeleteModule.cpp" />
    <ClCompile Include="App.cpp" />
    <ClCompile Include="CommandWindow.cpp" />
    <ClCompile Include="RackWindow.cpp" />
    <ClCompile Include="command\GroupTracks.cpp">
      <Filter>command</Filter>
    </ClCompile>
    <ClCompile Include="command\AddTrack.cpp">
      <Filter>command</Filter>
    </ClCompile>
    <ClCompile Include="command\PasteTracks.cpp">
      <Filter>command</Filter>
    </ClCompile>
  </ItemGroup>
  <ItemGroup>
    <ClInclude Include="..\..\imconfig.h">
      <Filter>imgui</Filter>
    </ClInclude>
    <ClInclude Include="..\..\imgui.h">
      <Filter>imgui</Filter>
    </ClInclude>
    <ClInclude Include="..\..\backends\imgui_impl_dx12.h">
      <Filter>imgui</Filter>
    </ClInclude>
    <ClInclude Include="..\.imgui\backends\imgui_impl_win32.h">
      <Filter>imgui</Filter>
    </ClInclude>
    <ClInclude Include="..\.imgui\imgui_internal.h">
      <Filter>imgui</Filter>
    </ClInclude>
    <ClInclude Include="AudioEngine.h" />
    <ClInclude Include="ClapHost.h" />
    <ClInclude Include="Composer.h" />
    <ClInclude Include="PluginEventList.h" />
    <ClInclude Include="..\imgui\misc\cpp\imgui_stdlib.h">
      <Filter>imgui</Filter>
    </ClInclude>
    <ClInclude Include="logger.h" />
    <ClInclude Include="Midi.h" />
    <ClInclude Include="GuiUtil.h" />
    <ClInclude Include="Command.h" />
    <ClInclude Include="PluginManager.h" />
    <ClInclude Include="util.h" />
    <ClInclude Include="Track.h" />
    <ClInclude Include="ProcessBuffer.h" />
    <ClInclude Include="Module.h" />
    <ClInclude Include="ClapModule.h" />
    <ClInclude Include="Project.h" />
    <ClInclude Include="AudioBuffer.h" />
    <ClInclude Include="ErrorWindow.h" />
    <ClInclude Include="BuiltinModule.h" />
    <ClInclude Include="GainModule.h" />
    <ClInclude Include="ComposerWindow.h" />
    <ClInclude Include="Vst3Module.h" />
    <ClInclude Include="PluginEditorWindow.h" />
    <ClInclude Include="SceneMatrix.h" />
    <ClInclude Include="Scene.h" />
    <ClInclude Include="Clip.h" />
    <ClInclude Include="Sequence.h" />
    <ClInclude Include="Nameable.h" />
    <ClInclude Include="ClipSlot.h" />
    <ClInclude Include="Note.h" />
    <ClInclude Include="PianoRollH.h" />
    <ClInclude Include="Grid.h" />
    <ClInclude Include="SaveWindow.h" />
    <ClInclude Include="..\ImGuiFileDialog\ImGuiFileDialog.h">
      <Filter>lib</Filter>
    </ClInclude>
    <ClInclude Include="..\ImGuiFileDialog\ImGuiFileDialogConfig.h">
      <Filter>lib</Filter>
    </ClInclude>
    <ClInclude Include="TimelineWindow.h" />
    <ClInclude Include="GridMixin.h" />
    <ClInclude Include="ZoomMixin.h" />
    <ClInclude Include="Lane.h" />
    <ClInclude Include="TimelineCanvasMixin.h" />
    <ClInclude Include="PianoRollWindow.h" />
    <ClInclude Include="Thing.h" />
    <ClInclude Include="Error.h" />
    <ClInclude Include="Command\OpenProject.h">
      <Filter>command</Filter>
    </ClInclude>
    <ClInclude Include="BaseWindow.h" />
    <ClInclude Include="command\AddNotes.h">
      <Filter>command</Filter>
    </ClInclude>
    <ClInclude Include="command\AddClips.h">
      <Filter>command</Filter>
    </ClInclude>
    <ClInclude Include="command\DeleteNotes.h">
      <Filter>command</Filter>
    </ClInclude>
    <ClInclude Include="command\DeleteClips.h">
      <Filter>command</Filter>
    </ClInclude>
    <ClInclude Include="SidechainInputSelector.h" />
    <ClInclude Include="Fader.h" />
    <ClInclude Include="Neko.h" />
    <ClInclude Include="Connection.h" />
    <ClInclude Include="AudioEngineWindow.h" />
    <ClInclude Include="Config.h" />
    <ClInclude Include="Vst3Context.h" />
    <ClInclude Include="command\AddModule.h" />
    <ClInclude Include="command\DeleteModule.h" />
    <ClInclude Include="App.h" />
    <ClInclude Include="CommandWindow.h" />
    <ClInclude Include="RackWindow.h" />
    <ClInclude Include="command\GroupTracks.h">
      <Filter>command</Filter>
    </ClInclude>
    <ClInclude Include="command\AddTrack.h">
      <Filter>command</Filter>
    </ClInclude>
    <ClInclude Include="command\PasteTracks.h">
      <Filter>command</Filter>
    </ClInclude>
  </ItemGroup>
  <ItemGroup>
    <None Include="..\README.txt" />
    <None Include="..\imgui\misc\debuggers\imgui.natstepfilter">
      <Filter>imgui</Filter>
    </None>
    <None Include="cpp.hint" />
  </ItemGroup>
  <ItemGroup>
    <Filter Include="imgui">
      <UniqueIdentifier>{606d92f5-7098-4983-9a39-d44fb6fa6c76}</UniqueIdentifier>
    </Filter>
    <Filter Include="VST3">
      <UniqueIdentifier>{c978aee4-2a1b-4fe1-a71b-fd4d4c239cc7}</UniqueIdentifier>
    </Filter>
    <Filter Include="lib">
      <UniqueIdentifier>{403f78d7-3209-475c-81a1-db5beb55e875}</UniqueIdentifier>
    </Filter>
    <Filter Include="command">
      <UniqueIdentifier>{aff0781d-9f84-4228-98a1-2c60fec426f9}</UniqueIdentifier>
    </Filter>
  </ItemGroup>
  <ItemGroup>
    <Natvis Include="..\imgui\misc\debuggers\imgui.natvis">
      <Filter>imgui</Filter>
    </Natvis>
  </ItemGroup>
</Project>